
Microsoft Visual Studio Solution File, Format Version 12.00
# Visual Studio 2013
VisualStudioVersion = 12.0.30501.0
MinimumVisualStudioVersion = 10.0.40219.1
Project("{2150E333-8FDC-42A3-9474-1A3956D46DE8}") = "test", "test", "{C76EF760-67C8-46D9-9A83-DD0E83B7CF37}"
EndProject
Project("{D954291E-2A0B-460D-934E-DC6B0785DB48}") = "test.Shared", "test\test.Shared\test.Shared.shproj", "{585EAA93-CCCE-476B-B7EF-8938F1C199BC}"
EndProject
Project("{FAE04EC0-301F-11D3-BF4B-00C04F79EFBC}") = "test.Windows", "test\test.Windows\test.Windows.csproj", "{DF2EDE8D-64EA-4887-AB8F-9A3F7FB30735}"
EndProject
Project("{FAE04EC0-301F-11D3-BF4B-00C04F79EFBC}") = "test.WindowsPhone", "test\test.WindowsPhone\test.WindowsPhone.csproj", "{04F689A8-B8A5-4AF6-A943-82DECD8922BE}"
EndProject
Global
	GlobalSection(SharedMSBuildProjectFiles) = preSolution
		test\test.Shared\test.Shared.projitems*{585eaa93-ccce-476b-b7ef-8938f1c199bc}*SharedItemsImports = 13
		test\test.Shared\test.Shared.projitems*{df2ede8d-64ea-4887-ab8f-9a3f7fb30735}*SharedItemsImports = 4
		test\test.Shared\test.Shared.projitems*{04f689a8-b8a5-4af6-a943-82decd8922be}*SharedItemsImports = 4
	EndGlobalSection
	GlobalSection(SolutionConfigurationPlatforms) = preSolution
		Debug|Any CPU = Debug|Any CPU
		Debug|ARM = Debug|ARM
		Debug|x64 = Debug|x64
		Debug|x86 = Debug|x86
		Release|Any CPU = Release|Any CPU
		Release|ARM = Release|ARM
		Release|x64 = Release|x64
		Release|x86 = Release|x86
	EndGlobalSection
	GlobalSection(ProjectConfigurationPlatforms) = postSolution
		{DF2EDE8D-64EA-4887-AB8F-9A3F7FB30735}.Debug|Any CPU.ActiveCfg = Debug|Any CPU
		{DF2EDE8D-64EA-4887-AB8F-9A3F7FB30735}.Debug|Any CPU.Build.0 = Debug|Any CPU
		{DF2EDE8D-64EA-4887-AB8F-9A3F7FB30735}.Debug|Any CPU.Deploy.0 = Debug|Any CPU
		{DF2EDE8D-64EA-4887-AB8F-9A3F7FB30735}.Debug|ARM.ActiveCfg = Debug|ARM
		{DF2EDE8D-64EA-4887-AB8F-9A3F7FB30735}.Debug|ARM.Build.0 = Debug|ARM
		{DF2EDE8D-64EA-4887-AB8F-9A3F7FB30735}.Debug|ARM.Deploy.0 = Debug|ARM
		{DF2EDE8D-64EA-4887-AB8F-9A3F7FB30735}.Debug|x64.ActiveCfg = Debug|x64
		{DF2EDE8D-64EA-4887-AB8F-9A3F7FB30735}.Debug|x64.Build.0 = Debug|x64
		{DF2EDE8D-64EA-4887-AB8F-9A3F7FB30735}.Debug|x64.Deploy.0 = Debug|x64
		{DF2EDE8D-64EA-4887-AB8F-9A3F7FB30735}.Debug|x86.ActiveCfg = Debug|x86
		{DF2EDE8D-64EA-4887-AB8F-9A3F7FB30735}.Debug|x86.Build.0 = Debug|x86
		{DF2EDE8D-64EA-4887-AB8F-9A3F7FB30735}.Debug|x86.Deploy.0 = Debug|x86
		{DF2EDE8D-64EA-4887-AB8F-9A3F7FB30735}.Release|Any CPU.ActiveCfg = Release|Any CPU
		{DF2EDE8D-64EA-4887-AB8F-9A3F7FB30735}.Release|Any CPU.Build.0 = Release|Any CPU
		{DF2EDE8D-64EA-4887-AB8F-9A3F7FB30735}.Release|Any CPU.Deploy.0 = Release|Any CPU
		{DF2EDE8D-64EA-4887-AB8F-9A3F7FB30735}.Release|ARM.ActiveCfg = Release|ARM
		{DF2EDE8D-64EA-4887-AB8F-9A3F7FB30735}.Release|ARM.Build.0 = Release|ARM
		{DF2EDE8D-64EA-4887-AB8F-9A3F7FB30735}.Release|ARM.Deploy.0 = Release|ARM
		{DF2EDE8D-64EA-4887-AB8F-9A3F7FB30735}.Release|x64.ActiveCfg = Release|x64
		{DF2EDE8D-64EA-4887-AB8F-9A3F7FB30735}.Release|x64.Build.0 = Release|x64
		{DF2EDE8D-64EA-4887-AB8F-9A3F7FB30735}.Release|x64.Deploy.0 = Release|x64
		{DF2EDE8D-64EA-4887-AB8F-9A3F7FB30735}.Release|x86.ActiveCfg = Release|x86
		{DF2EDE8D-64EA-4887-AB8F-9A3F7FB30735}.Release|x86.Build.0 = Release|x86
		{DF2EDE8D-64EA-4887-AB8F-9A3F7FB30735}.Release|x86.Deploy.0 = Release|x86
		{04F689A8-B8A5-4AF6-A943-82DECD8922BE}.Debug|Any CPU.ActiveCfg = Debug|Any CPU
		{04F689A8-B8A5-4AF6-A943-82DECD8922BE}.Debug|Any CPU.Build.0 = Debug|Any CPU
		{04F689A8-B8A5-4AF6-A943-82DECD8922BE}.Debug|Any CPU.Deploy.0 = Debug|Any CPU
		{04F689A8-B8A5-4AF6-A943-82DECD8922BE}.Debug|ARM.ActiveCfg = Debug|ARM
		{04F689A8-B8A5-4AF6-A943-82DECD8922BE}.Debug|ARM.Build.0 = Debug|ARM
		{04F689A8-B8A5-4AF6-A943-82DECD8922BE}.Debug|ARM.Deploy.0 = Debug|ARM
		{04F689A8-B8A5-4AF6-A943-82DECD8922BE}.Debug|x64.ActiveCfg = Debug|Any CPU
		{04F689A8-B8A5-4AF6-A943-82DECD8922BE}.Debug|x86.ActiveCfg = Debug|x86
		{04F689A8-B8A5-4AF6-A943-82DECD8922BE}.Debug|x86.Build.0 = Debug|x86
		{04F689A8-B8A5-4AF6-A943-82DECD8922BE}.Debug|x86.Deploy.0 = Debug|x86
		{04F689A8-B8A5-4AF6-A943-82DECD8922BE}.Release|Any CPU.ActiveCfg = Release|Any CPU
		{04F689A8-B8A5-4AF6-A943-82DECD8922BE}.Release|Any CPU.Build.0 = Release|Any CPU
		{04F689A8-B8A5-4AF6-A943-82DECD8922BE}.Release|Any CPU.Deploy.0 = Release|Any CPU
		{04F689A8-B8A5-4AF6-A943-82DECD8922BE}.Release|ARM.ActiveCfg = Release|ARM
		{04F689A8-B8A5-4AF6-A943-82DECD8922BE}.Release|ARM.Build.0 = Release|ARM
		{04F689A8-B8A5-4AF6-A943-82DECD8922BE}.Release|ARM.Deploy.0 = Release|ARM
		{04F689A8-B8A5-4AF6-A943-82DECD8922BE}.Release|x64.ActiveCfg = Release|Any CPU
		{04F689A8-B8A5-4AF6-A943-82DECD8922BE}.Release|x86.ActiveCfg = Release|x86
		{04F689A8-B8A5-4AF6-A943-82DECD8922BE}.Release|x86.Build.0 = Release|x86
		{04F689A8-B8A5-4AF6-A943-82DECD8922BE}.Release|x86.Deploy.0 = Release|x86
	EndGlobalSection
	GlobalSection(SolutionProperties) = preSolution
		HideSolutionNode = FALSE
	EndGlobalSection
	GlobalSection(NestedProjects) = preSolution
		{585EAA93-CCCE-476B-B7EF-8938F1C199BC} = {C76EF760-67C8-46D9-9A83-DD0E83B7CF37}
		{DF2EDE8D-64EA-4887-AB8F-9A3F7FB30735} = {C76EF760-67C8-46D9-9A83-DD0E83B7CF37}
		{04F689A8-B8A5-4AF6-A943-82DECD8922BE} = {C76EF760-67C8-46D9-9A83-DD0E83B7CF37}
	EndGlobalSection
EndGlobal
