
Microsoft Visual Studio Solution File, Format Version 12.00
# Visual Studio 2013
VisualStudioVersion = 12.0.30626.0
MinimumVisualStudioVersion = 10.0.40219.1
Project("{FAE04EC0-301F-11D3-BF4B-00C04F79EFBC}") = "ClassesAndObjects", "ClassesAndObjects\ClassesAndObjects.csproj", "{F20A1473-FE08-45F2-A0E5-1F5323DA1B72}"
EndProject
Global
	GlobalSection(SolutionConfigurationPlatforms) = preSolution
		Debug|Any CPU = Debug|Any CPU
		Release|Any CPU = Release|Any CPU
	EndGlobalSection
	GlobalSection(ProjectConfigurationPlatforms) = postSolution
		{F20A1473-FE08-45F2-A0E5-1F5323DA1B72}.Debug|Any CPU.ActiveCfg = Debug|Any CPU
		{F20A1473-FE08-45F2-A0E5-1F5323DA1B72}.Debug|Any CPU.Build.0 = Debug|Any CPU
		{F20A1473-FE08-45F2-A0E5-1F5323DA1B72}.Release|Any CPU.ActiveCfg = Release|Any CPU
		{F20A1473-FE08-45F2-A0E5-1F5323DA1B72}.Release|Any CPU.Build.0 = Release|Any CPU
	EndGlobalSection
	GlobalSection(SolutionProperties) = preSolution
		HideSolutionNode = FALSE
	EndGlobalSection
EndGlobal
